{
  "version": 4,
  "terraform_version": "1.13.1",
  "serial": 4,
  "lineage": "0f775a62-8562-db3e-fd89-2009be0a51e0",
  "outputs": {
    "api_url": {
      "value": "http://localhost:9000",
      "type": "string"
    },
    "frontend_url": {
      "value": "http://localhost:8080",
      "type": "string"
    }
  },
  "resources": [
    {
      "mode": "managed",
      "type": "docker_image",
      "name": "api",
      "provider": "provider[\"registry.terraform.io/kreuzwerker/docker\"]",
      "instances": [
        {
          "schema_version": 0,
          "attributes": {
            "build": [],
            "force_remove": null,
            "id": "sha256:ba27d460cd1f22a1a4331bdf74f4fccbc025552357e8a3249c40ae216275de96hashicorp/http-echo:0.2.3",
            "image_id": "sha256:ba27d460cd1f22a1a4331bdf74f4fccbc025552357e8a3249c40ae216275de96",
            "keep_locally": true,
            "name": "hashicorp/http-echo:0.2.3",
            "platform": null,
            "pull_triggers": null,
            "repo_digest": "hashicorp/http-echo@sha256:ba27d460cd1f22a1a4331bdf74f4fccbc025552357e8a3249c40ae216275de96",
            "timeouts": null,
            "triggers": null
          },
          "sensitive_attributes": [],
          "identity_schema_version": 0,
          "private": "eyJlMmJmYjczMC1lY2FhLTExZTYtOGY4OC0zNDM2M2JjN2M0YzAiOnsiY3JlYXRlIjoxMjAwMDAwMDAwMDAwLCJkZWxldGUiOjEyMDAwMDAwMDAwMDAsInVwZGF0ZSI6MTIwMDAwMDAwMDAwMH19"
        }
      ]
    },
    {
      "mode": "managed",
      "type": "docker_image",
      "name": "nginx",
      "provider": "provider[\"registry.terraform.io/kreuzwerker/docker\"]",
      "instances": [
        {
          "schema_version": 0,
          "attributes": {
            "build": [],
            "force_remove": null,
            "id": "sha256:24ccf9a6192d2c6c5c4a6e9d2fdfa2a8e382b15f8dd7d0e05a1579f6a46f7776nginx:stable",
            "image_id": "sha256:24ccf9a6192d2c6c5c4a6e9d2fdfa2a8e382b15f8dd7d0e05a1579f6a46f7776",
            "keep_locally": true,
            "name": "nginx:stable",
            "platform": null,
            "pull_triggers": null,
            "repo_digest": "nginx@sha256:24ccf9a6192d2c6c5c4a6e9d2fdfa2a8e382b15f8dd7d0e05a1579f6a46f7776",
            "timeouts": null,
            "triggers": null
          },
          "sensitive_attributes": [],
          "identity_schema_version": 0,
          "private": "eyJlMmJmYjczMC1lY2FhLTExZTYtOGY4OC0zNDM2M2JjN2M0YzAiOnsiY3JlYXRlIjoxMjAwMDAwMDAwMDAwLCJkZWxldGUiOjEyMDAwMDAwMDAwMDAsInVwZGF0ZSI6MTIwMDAwMDAwMDAwMH19"
        }
      ]
    }
  ],
  "check_results": null
}
